<?xml version="1.0" encoding="utf-8"?>
<Project ToolsVersion="4.0" xmlns="http://schemas.microsoft.com/developer/msbuild/2003">
  <ItemGroup>
    <ClCompile Include="..\ControlBlock.cpp" />
    <ClCompile Include="..\rijndael-alg-fst.c" />
    <ClCompile Include="command.cpp" />
    <ClCompile Include="CubicRoot.c" />
    <ClCompile Include="main.cpp" />
    <ClCompile Include="mobile.cpp" />
    <ClCompile Include="os_win.cpp" />
    <ClCompile Include="remote.cpp" />
    <ClCompile Include="socket.cpp" />
    <ClCompile Include="timers.cpp" />
    <ClCompile Include="ocb.c" />
    <ClCompile Include="..\gcm-aes.c" />
  </ItemGroup>
  <ItemGroup>
    <ClInclude Include="..\FSP.h">
      <Filter>Headers</Filter>
    </ClInclude>
    <ClInclude Include="..\FSP_API.h">
      <Filter>Headers</Filter>
    </ClInclude>
    <ClInclude Include="..\FSP_Impl.h">
      <Filter>Headers</Filter>
    </ClInclude>
    <ClInclude Include="fsp_srv.h">
      <Filter>Headers</Filter>
    </ClInclude>
    <ClInclude Include="ae.h">
      <Filter>Headers</Filter>
    </ClInclude>
    <ClInclude Include="..\gcm-aes.h">
      <Filter>Headers</Filter>
    </ClInclude>
  </ItemGroup>
  <ItemGroup>
    <Filter Include="Headers">
      <UniqueIdentifier>{e1abcce8-8932-4dc4-b560-7138cb4503e6}</UniqueIdentifier>
      <Extensions>*.h</Extensions>
    </Filter>
  </ItemGroup>
</Project>