Microsoft Visual Studio Solution File, Format Version 12.00
# Visual Studio 2012
Project("{8BC9CEB8-8B4A-11D0-8D11-00A0C91BC942}") = "FileSyncClient", "src\FileSyncClient\FileSyncClient.vcxproj", "{32D3225B-5236-4A59-BFA7-E3224CE55814}"
	ProjectSection(ProjectDependencies) = postProject
		{DC63E2B4-BA8D-4540-936A-63106FFCB999} = {DC63E2B4-BA8D-4540-936A-63106FFCB999}
	EndProjectSection
EndProject
Project("{8BC9CEB8-8B4A-11D0-8D11-00A0C91BC942}") = "FileSyncServer", "src\FileSyncServer\FileSyncServer.vcxproj", "{E4F996A5-837A-4B6F-8524-D35EC41D6BAD}"
	ProjectSection(ProjectDependencies) = postProject
		{DC63E2B4-BA8D-4540-936A-63106FFCB999} = {DC63E2B4-BA8D-4540-936A-63106FFCB999}
	EndProjectSection
EndProject
Project("{8BC9CEB8-8B4A-11D0-8D11-00A0C91BC942}") = "FSP_DLL", "src\FSP_DLL\FSP_DLL.vcxproj", "{DC63E2B4-BA8D-4540-936A-63106FFCB999}"
EndProject
Project("{8BC9CEB8-8B4A-11D0-8D11-00A0C91BC942}") = "FSP_SRV", "src\FSP_SRV\FSP_SRV.vcxproj", "{EB22DAD8-523E-4FED-88F3-F0647110BE7F}"
EndProject
Project("{8BC9CEB8-8B4A-11D0-8D11-00A0C91BC942}") = "FSP_Web", "src\FSP_Web\FSP_Web.vcxproj", "{9176FBD3-2B93-4B86-882D-997D51C89FE0}"
EndProject
Global
	GlobalSection(SolutionConfigurationPlatforms) = preSolution
		Debug|Win32 = Debug|Win32
		Release|Win32 = Release|Win32
	EndGlobalSection
	GlobalSection(ProjectConfigurationPlatforms) = postSolution
		{32D3225B-5236-4A59-BFA7-E3224CE55814}.Debug|Win32.ActiveCfg = Debug|Win32
		{32D3225B-5236-4A59-BFA7-E3224CE55814}.Debug|Win32.Build.0 = Debug|Win32
		{32D3225B-5236-4A59-BFA7-E3224CE55814}.Release|Win32.ActiveCfg = Release|Win32
		{32D3225B-5236-4A59-BFA7-E3224CE55814}.Release|Win32.Build.0 = Release|Win32
		{E4F996A5-837A-4B6F-8524-D35EC41D6BAD}.Debug|Win32.ActiveCfg = Debug|Win32
		{E4F996A5-837A-4B6F-8524-D35EC41D6BAD}.Debug|Win32.Build.0 = Debug|Win32
		{E4F996A5-837A-4B6F-8524-D35EC41D6BAD}.Release|Win32.ActiveCfg = Release|Win32
		{E4F996A5-837A-4B6F-8524-D35EC41D6BAD}.Release|Win32.Build.0 = Release|Win32
		{DC63E2B4-BA8D-4540-936A-63106FFCB999}.Debug|Win32.ActiveCfg = Debug|Win32
		{DC63E2B4-BA8D-4540-936A-63106FFCB999}.Debug|Win32.Build.0 = Debug|Win32
		{DC63E2B4-BA8D-4540-936A-63106FFCB999}.Release|Win32.ActiveCfg = Release|Win32
		{DC63E2B4-BA8D-4540-936A-63106FFCB999}.Release|Win32.Build.0 = Release|Win32
		{EB22DAD8-523E-4FED-88F3-F0647110BE7F}.Debug|Win32.ActiveCfg = Debug|Win32
		{EB22DAD8-523E-4FED-88F3-F0647110BE7F}.Release|Win32.ActiveCfg = Release|Win32
		{EB22DAD8-523E-4FED-88F3-F0647110BE7F}.Release|Win32.Build.0 = Release|Win32
		{9176FBD3-2B93-4B86-882D-997D51C89FE0}.Debug|Win32.ActiveCfg = Debug|Win32
		{9176FBD3-2B93-4B86-882D-997D51C89FE0}.Release|Win32.ActiveCfg = Release|Win32
	EndGlobalSection
	GlobalSection(SolutionProperties) = preSolution
		HideSolutionNode = FALSE
	EndGlobalSection
EndGlobal
