
Microsoft Visual Studio Solution File, Format Version 11.00
# Visual C++ Express 2010
Project("{8BC9CEB8-8B4A-11D0-8D11-00A0C91BC942}") = "FSP_SRV", "FSP\FSP_SRV\FSP_mtSRV.vcxproj", "{EB22DAD8-523E-4FED-88F3-F0647110BE7F}"
EndProject
Project("{8BC9CEB8-8B4A-11D0-8D11-00A0C91BC942}") = "FSP_DLL", "FSP\FSP_DLL\FSP_mtDLL.vcxproj", "{DC63E2B4-BA8D-4540-936A-63106FFCB999}"
EndProject
Project("{8BC9CEB8-8B4A-11D0-8D11-00A0C91BC942}") = "FileSyncServer_VS10", "FSP\FileSyncServer\FileSyncServer_VS10.vcxproj", "{757AAC1B-BF9B-4476-B8DB-063E58AAFF87}"
	ProjectSection(ProjectDependencies) = postProject
		{DC63E2B4-BA8D-4540-936A-63106FFCB999} = {DC63E2B4-BA8D-4540-936A-63106FFCB999}
	EndProjectSection
EndProject
Project("{8BC9CEB8-8B4A-11D0-8D11-00A0C91BC942}") = "FileSyncClient_VS10", "FSP\FileSyncClient\FileSyncClient_vs10.vcxproj", "{079A28A5-6F80-47BF-BF2E-78DBA48F1994}"
	ProjectSection(ProjectDependencies) = postProject
		{DC63E2B4-BA8D-4540-936A-63106FFCB999} = {DC63E2B4-BA8D-4540-936A-63106FFCB999}
	EndProjectSection
EndProject
Global
	GlobalSection(SolutionConfigurationPlatforms) = preSolution
		Debug|Win32 = Debug|Win32
		Release|Win32 = Release|Win32
	EndGlobalSection
	GlobalSection(ProjectConfigurationPlatforms) = postSolution
		{EB22DAD8-523E-4FED-88F3-F0647110BE7F}.Debug|Win32.ActiveCfg = Debug|Win32
		{EB22DAD8-523E-4FED-88F3-F0647110BE7F}.Debug|Win32.Build.0 = Debug|Win32
		{EB22DAD8-523E-4FED-88F3-F0647110BE7F}.Release|Win32.ActiveCfg = Release|Win32
		{EB22DAD8-523E-4FED-88F3-F0647110BE7F}.Release|Win32.Build.0 = Release|Win32
		{DC63E2B4-BA8D-4540-936A-63106FFCB999}.Debug|Win32.ActiveCfg = Debug|Win32
		{DC63E2B4-BA8D-4540-936A-63106FFCB999}.Debug|Win32.Build.0 = Debug|Win32
		{DC63E2B4-BA8D-4540-936A-63106FFCB999}.Release|Win32.ActiveCfg = Release|Win32
		{DC63E2B4-BA8D-4540-936A-63106FFCB999}.Release|Win32.Build.0 = Release|Win32
		{757AAC1B-BF9B-4476-B8DB-063E58AAFF87}.Debug|Win32.ActiveCfg = Debug|Win32
		{757AAC1B-BF9B-4476-B8DB-063E58AAFF87}.Debug|Win32.Build.0 = Debug|Win32
		{757AAC1B-BF9B-4476-B8DB-063E58AAFF87}.Release|Win32.ActiveCfg = Release|Win32
		{757AAC1B-BF9B-4476-B8DB-063E58AAFF87}.Release|Win32.Build.0 = Release|Win32
		{079A28A5-6F80-47BF-BF2E-78DBA48F1994}.Debug|Win32.ActiveCfg = Debug|Win32
		{079A28A5-6F80-47BF-BF2E-78DBA48F1994}.Debug|Win32.Build.0 = Debug|Win32
		{079A28A5-6F80-47BF-BF2E-78DBA48F1994}.Release|Win32.ActiveCfg = Release|Win32
		{079A28A5-6F80-47BF-BF2E-78DBA48F1994}.Release|Win32.Build.0 = Release|Win32
	EndGlobalSection
	GlobalSection(SolutionProperties) = preSolution
		HideSolutionNode = FALSE
	EndGlobalSection
EndGlobal
