
Microsoft Visual Studio Solution File, Format Version 11.00
# Visual Studio 2010
Project("{8BC9CEB8-8B4A-11D0-8D11-00A0C91BC942}") = "FSP_DLL", "FSP_DLL\FSP_mtDLL.vcxproj", "{DC63E2B4-BA8D-4540-936A-63106FFCB999}"
EndProject
Project("{8BC9CEB8-8B4A-11D0-8D11-00A0C91BC942}") = "FSP_SRV", "FSP_SRV\FSP_mtSRV.vcxproj", "{EB22DAD8-523E-4FED-88F3-F0647110BE7F}"
EndProject
Project("{8BC9CEB8-8B4A-11D0-8D11-00A0C91BC942}") = "Chat", "Chat\Chat-FSP.vcxproj", "{B2C017C1-1D60-8754-F9AA-62733852C621}"
EndProject
Global
	GlobalSection(SolutionConfigurationPlatforms) = preSolution
		Debug|Win32 = Debug|Win32
		Release|Win32 = Release|Win32
	EndGlobalSection
	GlobalSection(ProjectConfigurationPlatforms) = postSolution
		{DC63E2B4-BA8D-4540-936A-63106FFCB999}.Debug|Win32.ActiveCfg = Debug|Win32
		{DC63E2B4-BA8D-4540-936A-63106FFCB999}.Debug|Win32.Build.0 = Debug|Win32
		{DC63E2B4-BA8D-4540-936A-63106FFCB999}.Release|Win32.ActiveCfg = Release|Win32
		{DC63E2B4-BA8D-4540-936A-63106FFCB999}.Release|Win32.Build.0 = Release|Win32
		{EB22DAD8-523E-4FED-88F3-F0647110BE7F}.Debug|Win32.ActiveCfg = Debug|Win32
		{EB22DAD8-523E-4FED-88F3-F0647110BE7F}.Debug|Win32.Build.0 = Debug|Win32
		{EB22DAD8-523E-4FED-88F3-F0647110BE7F}.Release|Win32.ActiveCfg = Release|Win32
		{EB22DAD8-523E-4FED-88F3-F0647110BE7F}.Release|Win32.Build.0 = Release|Win32
		{B2C017C1-1D60-8754-F9AA-62733852C621}.Debug|Win32.ActiveCfg = Debug|Win32
		{B2C017C1-1D60-8754-F9AA-62733852C621}.Debug|Win32.Build.0 = Debug|Win32
		{B2C017C1-1D60-8754-F9AA-62733852C621}.Release|Win32.ActiveCfg = Release|Win32
		{B2C017C1-1D60-8754-F9AA-62733852C621}.Release|Win32.Build.0 = Release|Win32
	EndGlobalSection
	GlobalSection(SolutionProperties) = preSolution
		HideSolutionNode = FALSE
	EndGlobalSection
EndGlobal
