<?xml version="1.0" encoding="utf-8"?>
<Project ToolsVersion="4.0" xmlns="http://schemas.microsoft.com/developer/msbuild/2003">
  <ItemGroup>
    <Filter Include="Source Files">
      <UniqueIdentifier>{4FC737F1-C7A5-4376-A066-2A32D752A2FF}</UniqueIdentifier>
      <Extensions>cpp;c;cxx;def;odl;idl;hpj;bat;asm;asmx</Extensions>
    </Filter>
    <Filter Include="Header Files">
      <UniqueIdentifier>{93995380-89BD-4b04-88EB-625FBE52EBFB}</UniqueIdentifier>
      <Extensions>h;hpp;hxx;hm;inl;inc;xsd</Extensions>
    </Filter>
    <Filter Include="Resource Files">
      <UniqueIdentifier>{67DA6AB6-F800-4c08-8B7A-83BB121AAD01}</UniqueIdentifier>
      <Extensions>rc;ico;cur;bmp;dlg;rc2;rct;bin;rgs;gif;jpg;jpeg;jpe;resx</Extensions>
    </Filter>
    <Filter Include="SHA3">
      <UniqueIdentifier>{e6bf6856-3e0c-4806-a8a7-22d2f464e548}</UniqueIdentifier>
    </Filter>
  </ItemGroup>
  <ItemGroup>
    <ClCompile Include="Disconnect.cpp">
      <Filter>Source Files</Filter>
    </ClCompile>
    <ClCompile Include="DllEntry.cpp">
      <Filter>Source Files</Filter>
    </ClCompile>
    <ClCompile Include="Establish.cpp">
      <Filter>Source Files</Filter>
    </ClCompile>
    <ClCompile Include="Multihome.cpp">
      <Filter>Source Files</Filter>
    </ClCompile>
    <ClCompile Include="Multiplex.cpp">
      <Filter>Source Files</Filter>
    </ClCompile>
    <ClCompile Include="Receive.cpp">
      <Filter>Source Files</Filter>
    </ClCompile>
    <ClCompile Include="Send.cpp">
      <Filter>Source Files</Filter>
    </ClCompile>
    <ClCompile Include="..\ControlBlock.cpp">
      <Filter>Source Files</Filter>
    </ClCompile>
    <ClCompile Include="rsa-gmp.cpp">
      <Filter>Source Files</Filter>
    </ClCompile>
    <ClCompile Include="rsassa-pss.cpp">
      <Filter>Source Files</Filter>
    </ClCompile>
    <ClCompile Include="..\gcm-aes.c">
      <Filter>Source Files</Filter>
    </ClCompile>
    <ClCompile Include="..\rijndael-alg-fst.c">
      <Filter>Source Files</Filter>
    </ClCompile>
    <ClCompile Include="..\vmac.c">
      <Filter>Source Files</Filter>
    </ClCompile>
    <ClCompile Include="..\SHA3\KeccakDuplex.c">
      <Filter>SHA3</Filter>
    </ClCompile>
    <ClCompile Include="..\SHA3\KeccakHash.c">
      <Filter>SHA3</Filter>
    </ClCompile>
    <ClCompile Include="..\SHA3\KeccakSponge.c">
      <Filter>SHA3</Filter>
    </ClCompile>
    <ClCompile Include="..\SHA3\KeccakF-1600-inplace32BI.c">
      <Filter>SHA3</Filter>
    </ClCompile>
    <ClCompile Include="..\SHA3\KeccakNISTInterface.c">
      <Filter>SHA3</Filter>
    </ClCompile>
  </ItemGroup>
  <ItemGroup>
    <ClInclude Include="..\FSP.h">
      <Filter>Header Files</Filter>
    </ClInclude>
    <ClInclude Include="..\FSP_API.h">
      <Filter>Header Files</Filter>
    </ClInclude>
    <ClInclude Include="FSP_DLL.h">
      <Filter>Header Files</Filter>
    </ClInclude>
    <ClInclude Include="..\FSP_Impl.h">
      <Filter>Header Files</Filter>
    </ClInclude>
    <ClInclude Include="rsa-gmp.hpp">
      <Filter>Header Files</Filter>
    </ClInclude>
    <ClInclude Include="rsassa-pss.h">
      <Filter>Header Files</Filter>
    </ClInclude>
    <ClInclude Include="..\SHA3\brg_endian.h">
      <Filter>SHA3</Filter>
    </ClInclude>
    <ClInclude Include="..\SHA3\KeccakDuplex.h">
      <Filter>SHA3</Filter>
    </ClInclude>
    <ClInclude Include="..\SHA3\KeccakF-1600-interface.h">
      <Filter>SHA3</Filter>
    </ClInclude>
    <ClInclude Include="..\SHA3\KeccakHash.h">
      <Filter>SHA3</Filter>
    </ClInclude>
    <ClInclude Include="..\SHA3\KeccakSponge.h">
      <Filter>SHA3</Filter>
    </ClInclude>
    <ClInclude Include="..\SHA3\KeccakNISTInterface.h">
      <Filter>SHA3</Filter>
    </ClInclude>
  </ItemGroup>
</Project>