<?xml version="1.0" encoding="utf-8"?>
<Project ToolsVersion="4.0" xmlns="http://schemas.microsoft.com/developer/msbuild/2003">
  <ItemGroup>
    <ClCompile Include="..\ControlBlock.cpp" />
    <ClCompile Include="..\gcm-aes.c" />
    <ClCompile Include="..\rijndael-alg-fst.c" />
    <ClCompile Include="Disconnect.cpp" />
    <ClCompile Include="DllEntry.cpp" />
    <ClCompile Include="Establish.cpp" />
    <ClCompile Include="Multihome.cpp" />
    <ClCompile Include="Multiplex.cpp" />
    <ClCompile Include="Receive.cpp" />
    <ClCompile Include="Send.cpp" />
    <ClCompile Include="..\SHA3\KeccakDuplex.c">
      <Filter>SHA3</Filter>
    </ClCompile>
    <ClCompile Include="..\SHA3\KeccakF-1600-inplace32BI.c">
      <Filter>SHA3</Filter>
    </ClCompile>
    <ClCompile Include="..\SHA3\KeccakHash.c">
      <Filter>SHA3</Filter>
    </ClCompile>
    <ClCompile Include="..\SHA3\KeccakNISTInterface.c">
      <Filter>SHA3</Filter>
    </ClCompile>
    <ClCompile Include="..\SHA3\KeccakSponge.c">
      <Filter>SHA3</Filter>
    </ClCompile>
  </ItemGroup>
  <ItemGroup>
    <ClInclude Include="..\SHA3\brg_endian.h">
      <Filter>SHA3</Filter>
    </ClInclude>
    <ClInclude Include="..\SHA3\KeccakDuplex.h">
      <Filter>SHA3</Filter>
    </ClInclude>
    <ClInclude Include="..\SHA3\KeccakF-1600-interface.h">
      <Filter>SHA3</Filter>
    </ClInclude>
    <ClInclude Include="..\SHA3\KeccakHash.h">
      <Filter>SHA3</Filter>
    </ClInclude>
    <ClInclude Include="..\SHA3\KeccakNISTInterface.h">
      <Filter>SHA3</Filter>
    </ClInclude>
    <ClInclude Include="..\SHA3\KeccakSponge.h">
      <Filter>SHA3</Filter>
    </ClInclude>
    <ClInclude Include="..\FSP.h">
      <Filter>Headers</Filter>
    </ClInclude>
    <ClInclude Include="..\FSP_API.h">
      <Filter>Headers</Filter>
    </ClInclude>
    <ClInclude Include="FSP_DLL.h">
      <Filter>Headers</Filter>
    </ClInclude>
    <ClInclude Include="..\FSP_Impl.h">
      <Filter>Headers</Filter>
    </ClInclude>
  </ItemGroup>
  <ItemGroup>
    <Filter Include="SHA3">
      <UniqueIdentifier>{dce7dc3e-4d98-49e4-a2c5-da366930f156}</UniqueIdentifier>
    </Filter>
    <Filter Include="Headers">
      <UniqueIdentifier>{80498912-648c-4812-ba2b-721b582689ef}</UniqueIdentifier>
      <Extensions>*.h</Extensions>
    </Filter>
  </ItemGroup>
</Project>