Microsoft Visual Studio Solution File, Format Version 12.00
# Visual Studio 2012
Project("{8BC9CEB8-8B4A-11D0-8D11-00A0C91BC942}") = "FSP_SRV", "FSP\FSP_SRV\FSP_SRV.vcxproj", "{EB22DAD8-523E-4FED-88F3-F0647110BE7F}"
EndProject
Project("{8BC9CEB8-8B4A-11D0-8D11-00A0C91BC942}") = "FSP_DLL", "FSP\FSP_DLL\FSP_DLL.vcxproj", "{DC63E2B4-BA8D-4540-936A-63106FFCB999}"
EndProject
Project("{8BC9CEB8-8B4A-11D0-8D11-00A0C91BC942}") = "FSP_IPv6Preconfig", "FSP\FSP_IPv6Preconfig\FSP_IPv6Preconfig.vcxproj", "{7BDD958C-198D-479F-9CD6-53666436F82D}"
EndProject
Global
	GlobalSection(SolutionConfigurationPlatforms) = preSolution
		Debug|Win32 = Debug|Win32
		Release|Win32 = Release|Win32
	EndGlobalSection
	GlobalSection(ProjectConfigurationPlatforms) = postSolution
		{EB22DAD8-523E-4FED-88F3-F0647110BE7F}.Debug|Win32.ActiveCfg = Debug|Win32
		{EB22DAD8-523E-4FED-88F3-F0647110BE7F}.Debug|Win32.Build.0 = Debug|Win32
		{EB22DAD8-523E-4FED-88F3-F0647110BE7F}.Debug|Win32.Deploy.0 = Debug|Win32
		{EB22DAD8-523E-4FED-88F3-F0647110BE7F}.Release|Win32.ActiveCfg = Release|Win32
		{EB22DAD8-523E-4FED-88F3-F0647110BE7F}.Release|Win32.Build.0 = Release|Win32
		{EB22DAD8-523E-4FED-88F3-F0647110BE7F}.Release|Win32.Deploy.0 = Release|Win32
		{DC63E2B4-BA8D-4540-936A-63106FFCB999}.Debug|Win32.ActiveCfg = Debug|Win32
		{DC63E2B4-BA8D-4540-936A-63106FFCB999}.Debug|Win32.Build.0 = Debug|Win32
		{DC63E2B4-BA8D-4540-936A-63106FFCB999}.Debug|Win32.Deploy.0 = Debug|Win32
		{DC63E2B4-BA8D-4540-936A-63106FFCB999}.Release|Win32.ActiveCfg = Release|Win32
		{DC63E2B4-BA8D-4540-936A-63106FFCB999}.Release|Win32.Build.0 = Release|Win32
		{DC63E2B4-BA8D-4540-936A-63106FFCB999}.Release|Win32.Deploy.0 = Release|Win32
		{7BDD958C-198D-479F-9CD6-53666436F82D}.Debug|Win32.ActiveCfg = Debug|Win32
		{7BDD958C-198D-479F-9CD6-53666436F82D}.Release|Win32.ActiveCfg = Release|Win32
		{7BDD958C-198D-479F-9CD6-53666436F82D}.Release|Win32.Build.0 = Release|Win32
		{7BDD958C-198D-479F-9CD6-53666436F82D}.Release|Win32.Deploy.0 = Release|Win32
	EndGlobalSection
	GlobalSection(SolutionProperties) = preSolution
		HideSolutionNode = FALSE
	EndGlobalSection
EndGlobal
